
Microsoft Visual Studio Solution File, Format Version 12.00
# Visual Studio Version 17
VisualStudioVersion = 17.1.32228.430
MinimumVisualStudioVersion = 10.0.40219.1
Project("{FAE04EC0-301F-11D3-BF4B-00C04F79EFBC}") = "TodoWeb", "TodoWeb\TodoWeb.csproj", "{BEE8D37A-4DA1-4FFD-9BC0-C76C338EA52A}"
EndProject
Global
	GlobalSection(SolutionConfigurationPlatforms) = preSolution
		Debug|Any CPU = Debug|Any CPU
		Release|Any CPU = Release|Any CPU
	EndGlobalSection
	GlobalSection(ProjectConfigurationPlatforms) = postSolution
		{BEE8D37A-4DA1-4FFD-9BC0-C76C338EA52A}.Debug|Any CPU.ActiveCfg = Debug|Any CPU
		{BEE8D37A-4DA1-4FFD-9BC0-C76C338EA52A}.Debug|Any CPU.Build.0 = Debug|Any CPU
		{BEE8D37A-4DA1-4FFD-9BC0-C76C338EA52A}.Release|Any CPU.ActiveCfg = Release|Any CPU
		{BEE8D37A-4DA1-4FFD-9BC0-C76C338EA52A}.Release|Any CPU.Build.0 = Release|Any CPU
	EndGlobalSection
	GlobalSection(SolutionProperties) = preSolution
		HideSolutionNode = FALSE
	EndGlobalSection
	GlobalSection(ExtensibilityGlobals) = postSolution
		SolutionGuid = {0F279235-590B-404E-AD68-D0212FA72721}
	EndGlobalSection
EndGlobal
